{
  "version": "3",
  "redirects": {
    "https://deno.land/std/path/mod.ts": "https://deno.land/std@0.214.0/path/mod.ts",
    "https://deno.land/std/streams/mod.ts": "https://deno.land/std@0.215.0/streams/mod.ts"
  },
  "remote": {
    "https://deno.land/std@0.107.0/collections/_utils.ts": "027b5ebf58963d98f41be7e3f7ade34c7c931b886f01ae9b54b15eadd30860be",
    "https://deno.land/std@0.107.0/collections/associate_by.ts": "d90c98260f33bbf0231248f8c74cc370bd360c3f70d6e5571d512bd0d1949975",
    "https://deno.land/std@0.107.0/collections/associate_with.ts": "f50fc2b289828ec7fe25ae261d8cf531a4ea328775d0011189f346fc2557a11f",
    "https://deno.land/std@0.107.0/collections/chunk.ts": "beef5c46430594a7c4ff3d8ce9a540d2dc131fc065bf63e8ead86a237a848122",
    "https://deno.land/std@0.107.0/collections/deep_merge.ts": "fb7507858851f48bce7e6722be8bf6975edf9c64b107e732b8cbbca67890e34c",
    "https://deno.land/std@0.107.0/collections/distinct.ts": "2daeec2457a229f81a06b7f1d6a132d7f33c161733b2df45a2807a3d2521033e",
    "https://deno.land/std@0.107.0/collections/distinct_by.ts": "8a12864a68a8c5e8f79db7bd04086357c5e9c18f867d80dd4e1ac40a568d86d9",
    "https://deno.land/std@0.107.0/collections/drop_last_while.ts": "4c91f45cc560445cc35b3d0825711dc516ace4656ef8f1a545e5c050bb30e2de",
    "https://deno.land/std@0.107.0/collections/drop_while.ts": "e858809be5bb044ce430ddab5ae1e208faf6091a738ac38ff8ee605e46d06856",
    "https://deno.land/std@0.107.0/collections/filter_entries.ts": "1ad4a82c3062ade475989393ac4ae9780bf360ecd714336479997685f8fd67f8",
    "https://deno.land/std@0.107.0/collections/filter_keys.ts": "4be3ceedb097cbefc5e3ffc86c5acee8c475047036c2ac78139243f3b4305464",
    "https://deno.land/std@0.107.0/collections/filter_values.ts": "70fadf3435cb9e6bccc2683502215b330303159566e28ee22c59592ed85d9f8c",
    "https://deno.land/std@0.107.0/collections/find_last.ts": "085090345bd8f9322be9dd441397f526784d57907dbf400730584ce36a6e19bc",
    "https://deno.land/std@0.107.0/collections/find_last_index.ts": "8fb7031891b12a0044bd69e8a27e03b224841f69aa2f46c6ba6e20b6b6e4d639",
    "https://deno.land/std@0.107.0/collections/find_single.ts": "858debb6d7ba00c9b7a9ddc9f6ed39404a2c697aec2be8622cf786551bc75448",
    "https://deno.land/std@0.107.0/collections/first_not_nullish_of.ts": "d019b912222605dcf34e455d1b553957b50ae575c4171ec25ae727f808513e44",
    "https://deno.land/std@0.107.0/collections/group_by.ts": "2496ae8dbf345eee564d424ccb4cf6fd46bda09537a6bf3b765a251419c0f267",
    "https://deno.land/std@0.107.0/collections/includes_value.ts": "3f1625f00a420bfbe23d8048fb6c5571ada4f118815a3c64a79f092369ad90d3",
    "https://deno.land/std@0.107.0/collections/intersect.ts": "4cce915d2318fe6c50bfb17cac705a77f9f2c47de4ea9059c73111dd075e7efc",
    "https://deno.land/std@0.107.0/collections/map_entries.ts": "e1ff2352bb871aa3765be9022566d9b29c412045e932327bdb602a3ed0c852c5",
    "https://deno.land/std@0.107.0/collections/map_keys.ts": "ef6ff5c49107f00d4a8f7efec87b3b373519c32a3087bbd114789ad5be9a6f9c",
    "https://deno.land/std@0.107.0/collections/map_not_nullish.ts": "6b4bbebb0b59e44eee800ef315ed19d359b9dfd9257dc7813cb06a76a22097c5",
    "https://deno.land/std@0.107.0/collections/map_values.ts": "8160dc6d9f244f43ed9f025af4db48a6a8237611f36d4eb4424af7a5856c7332",
    "https://deno.land/std@0.107.0/collections/max_by.ts": "55d8d2ea963e9c4724eb28ba15b1dcf59ace613e424f84e75d8d0c6798855313",
    "https://deno.land/std@0.107.0/collections/max_of.ts": "63b72bc82c93758f05aa13d44e902699ba5a3876688c4e6c6a374453e6efc8e8",
    "https://deno.land/std@0.107.0/collections/max_with.ts": "31438c02408cd97355ee35618a7f078d373c7e3d9b3fd5c3ea8a2a21e178b6b5",
    "https://deno.land/std@0.107.0/collections/min_by.ts": "927ea76ab55fd09d404742575e8974a38ba7bb7b84840e44079bc16bc949024c",
    "https://deno.land/std@0.107.0/collections/min_of.ts": "3d0a1f613b66a2a1ebe6386b47b58ca7b87a5e56903b6784ae9add56b260cb1a",
    "https://deno.land/std@0.107.0/collections/min_with.ts": "1467633ccf29eae712353059a5f38c1afd75a96a581a97ab66fd4efd38cd1d7b",
    "https://deno.land/std@0.107.0/collections/mod.ts": "bbf262530e5ac550cbf68a1626773731651fdd80049795f36e40bb515eafff0c",
    "https://deno.land/std@0.107.0/collections/partition.ts": "f3d1f0034c61be22f09090c4fffde480063e8a881931ebd0947611b4ef2b4b38",
    "https://deno.land/std@0.107.0/collections/permutations.ts": "4ebfbbfc24a55f18e4249d5e9e1d37bc95d2ebf807d6ef104452d454142e0b6b",
    "https://deno.land/std@0.107.0/collections/reduce_groups.ts": "54e99c1afd7b1ec42e7c785e7cc7f34e790e112fc8e2fc856cc91002f4f838ed",
    "https://deno.land/std@0.107.0/collections/running_reduce.ts": "c26f8a283702c58886a209ed8d421a3c7abaece28a76b85c8528aa48443bce4c",
    "https://deno.land/std@0.107.0/collections/sample.ts": "a6ead56c327fd788ce4d0548bdf72e3d30c53ba004145b929c3dcf32fe388bc0",
    "https://deno.land/std@0.107.0/collections/sliding_windows.ts": "aff0e011274da9aaf52fc0428a67c70bff3fe1b4dd016d947548e84be68d18f5",
    "https://deno.land/std@0.107.0/collections/sort_by.ts": "9ae49d10196026e82c6a1fe4e2c4a146e4fa2e8b1d145884334d03a04a9ac2fe",
    "https://deno.land/std@0.107.0/collections/sum_of.ts": "e90ff4b6265cb15879db11b209fc5119da2e660fb4c4f57a65c8bd3a02d5d41c",
    "https://deno.land/std@0.107.0/collections/take_last_while.ts": "10e05da90b924a0b6b4ffc6632accf83d6f7cebe964dc3aed74c97c2276e3a50",
    "https://deno.land/std@0.107.0/collections/take_while.ts": "f3e2d74c5d591fc17115be6d739d8fc011f5652696bfc082bf72053b82c43245",
    "https://deno.land/std@0.107.0/collections/union.ts": "0d95da3aaf9d2d22adadbddafecd2fa1649675a85fff9062da85a7f55b18903c",
    "https://deno.land/std@0.107.0/collections/unzip.ts": "f62673da3a591ab5a5fb71d985854fcb8e3688f67eb4e48738604bb7aee6c46b",
    "https://deno.land/std@0.107.0/collections/without_all.ts": "68f05f389ed9645b47923a90047e605549c73a5a0e336237bb25faef73973ca4",
    "https://deno.land/std@0.107.0/collections/zip.ts": "e6ef5456f521684089664054f0747483efe31a429931e0c4a4fac195794e13a3",
    "https://deno.land/std@0.114.0/_util/assert.ts": "2f868145a042a11d5ad0a3c748dcf580add8a0dbc0e876eaa0026303a5488f58",
    "https://deno.land/std@0.114.0/async/deferred.ts": "ab60d46ba561abb3b13c0c8085d05797a384b9f182935f051dc67136817acdee",
    "https://deno.land/std@0.114.0/bytes/bytes_list.ts": "3bff6a09c72b2e0b1e92e29bd3b135053894196cca07a2bba842901073efe5cb",
    "https://deno.land/std@0.114.0/bytes/equals.ts": "69f55fdbd45c71f920c1a621e6c0865dc780cd8ae34e0f5e55a9497b70c31c1b",
    "https://deno.land/std@0.114.0/bytes/mod.ts": "fedb80b8da2e7ad8dd251148e65f92a04c73d6c5a430b7d197dc39588c8dda6f",
    "https://deno.land/std@0.114.0/fmt/colors.ts": "8368ddf2d48dfe413ffd04cdbb7ae6a1009cf0dccc9c7ff1d76259d9c61a0621",
    "https://deno.land/std@0.114.0/io/buffer.ts": "a587093277c889ded709a933cd7d5b6285978275b2015a7cf9c8a3caad464236",
    "https://deno.land/std@0.114.0/io/files.ts": "8794bf6014e6f3183fc5433926dfef4a50eb8d3ec3b6736ebb4277e5f0ce3420",
    "https://deno.land/std@0.114.0/io/mod.ts": "15804a7fe4d00c3a8c3ffa281845a2d0341414336d5c10e668d1a1c8ecec4114",
    "https://deno.land/std@0.114.0/io/readers.ts": "17403919724fef2f343c88555606368868a5c752a1099ad801f6a381c170f62d",
    "https://deno.land/std@0.114.0/io/streams.ts": "531a435ca1b3586e113151fbbd28f225720f4836f6002650b1ad4b18fb63ac1b",
    "https://deno.land/std@0.114.0/io/util.ts": "419c0c176b743709cd1a7f41326b619d1575dddbaebe89d8a70718ca9f03487e",
    "https://deno.land/std@0.114.0/io/writers.ts": "10067b4e637c602c0ae6bb3b8285da76edeb988f43add4ec4b969c76e17d8a98",
    "https://deno.land/std@0.114.0/streams/conversion.ts": "fe0059ed9d3c53eda4ba44eb71a6a9acb98c5fdb5ba1b6c6ab28004724c7641b",
    "https://deno.land/std@0.114.0/streams/delimiter.ts": "25a35824fffaaf620f7304bf4522eb4fc8b205a9e98120e8956ea113ec6898aa",
    "https://deno.land/std@0.114.0/streams/merge.ts": "493cee5e547f6f0304d1891f3126701e707c0162f375b5bf26d8541b08e52c62",
    "https://deno.land/std@0.114.0/streams/mod.ts": "fb4b333ae079bfaefa7601ac4b6f591ab6ddfbdd47f5cb10f6280cfba892bf96",
    "https://deno.land/std@0.114.0/testing/_diff.ts": "95578951cd3c9977fd3822c64e9831c739ae8d2a5faece71d3f21bfb553f6275",
    "https://deno.land/std@0.114.0/testing/asserts.ts": "550c71c634c608cffabf9e50520435cf03ff4bbd1db1253b0ade4debb444b131",
    "https://deno.land/std@0.125.0/fmt/printf.ts": "e2c0f72146aed1efecf0c39ab928b26ae493a2278f670a871a0fbdcf36ff3379",
    "https://deno.land/std@0.214.0/assert/_constants.ts": "a271e8ef5a573f1df8e822a6eb9d09df064ad66a4390f21b3e31f820a38e0975",
    "https://deno.land/std@0.214.0/assert/_diff.ts": "dcc63d94ca289aec80644030cf88ccbf7acaa6fbd7b0f22add93616b36593840",
    "https://deno.land/std@0.214.0/assert/_format.ts": "0ba808961bf678437fb486b56405b6fefad2cf87b5809667c781ddee8c32aff4",
    "https://deno.land/std@0.214.0/assert/assert.ts": "bec068b2fccdd434c138a555b19a2c2393b71dfaada02b7d568a01541e67cdc5",
    "https://deno.land/std@0.214.0/assert/assert_almost_equals.ts": "8b96b7385cc117668b0720115eb6ee73d04c9bcb2f5d2344d674918c9113688f",
    "https://deno.land/std@0.214.0/assert/assert_array_includes.ts": "1688d76317fd45b7e93ef9e2765f112fdf2b7c9821016cdfb380b9445374aed1",
    "https://deno.land/std@0.214.0/assert/assert_equals.ts": "4497c56fe7d2993b0d447926702802fc0becb44e319079e8eca39b482ee01b4e",
    "https://deno.land/std@0.214.0/assert/assert_exists.ts": "24a7bf965e634f909242cd09fbaf38bde6b791128ece08e33ab08586a7cc55c9",
    "https://deno.land/std@0.214.0/assert/assert_false.ts": "6f382568e5128c0f855e5f7dbda8624c1ed9af4fcc33ef4a9afeeedcdce99769",
    "https://deno.land/std@0.214.0/assert/assert_greater.ts": "4945cf5729f1a38874d7e589e0fe5cc5cd5abe5573ca2ddca9d3791aa891856c",
    "https://deno.land/std@0.214.0/assert/assert_greater_or_equal.ts": "573ed8823283b8d94b7443eb69a849a3c369a8eb9666b2d1db50c33763a5d219",
    "https://deno.land/std@0.214.0/assert/assert_instance_of.ts": "72dc1faff1e248692d873c89382fa1579dd7b53b56d52f37f9874a75b11ba444",
    "https://deno.land/std@0.214.0/assert/assert_is_error.ts": "6596f2b5ba89ba2fe9b074f75e9318cda97a2381e59d476812e30077fbdb6ed2",
    "https://deno.land/std@0.214.0/assert/assert_less.ts": "2b4b3fe7910f65f7be52212f19c3977ecb8ba5b2d6d0a296c83cde42920bb005",
    "https://deno.land/std@0.214.0/assert/assert_less_or_equal.ts": "b93d212fe669fbde959e35b3437ac9a4468f2e6b77377e7b6ea2cfdd825d38a0",
    "https://deno.land/std@0.214.0/assert/assert_match.ts": "ec2d9680ed3e7b9746ec57ec923a17eef6d476202f339ad91d22277d7f1d16e1",
    "https://deno.land/std@0.214.0/assert/assert_not_equals.ts": "ac86413ab70ffb14fdfc41740ba579a983fe355ba0ce4a9ab685e6b8e7f6a250",
    "https://deno.land/std@0.214.0/assert/assert_not_instance_of.ts": "8f720d92d83775c40b2542a8d76c60c2d4aeddaf8713c8d11df8984af2604931",
    "https://deno.land/std@0.214.0/assert/assert_not_match.ts": "b4b7c77f146963e2b673c1ce4846473703409eb93f5ab0eb60f6e6f8aeffe39f",
    "https://deno.land/std@0.214.0/assert/assert_not_strict_equals.ts": "da0b8ab60a45d5a9371088378e5313f624799470c3b54c76e8b8abeec40a77be",
    "https://deno.land/std@0.214.0/assert/assert_object_match.ts": "e85e5eef62a56ce364c3afdd27978ccab979288a3e772e6855c270a7b118fa49",
    "https://deno.land/std@0.214.0/assert/assert_rejects.ts": "e9e0c8d9c3e164c7ac962c37b3be50577c5a2010db107ed272c4c1afb1269f54",
    "https://deno.land/std@0.214.0/assert/assert_strict_equals.ts": "0425a98f70badccb151644c902384c12771a93e65f8ff610244b8147b03a2366",
    "https://deno.land/std@0.214.0/assert/assert_string_includes.ts": "dfb072a890167146f8e5bdd6fde887ce4657098e9f71f12716ef37f35fb6f4a7",
    "https://deno.land/std@0.214.0/assert/assert_throws.ts": "edddd86b39606c342164b49ad88dd39a26e72a26655e07545d172f164b617fa7",
    "https://deno.land/std@0.214.0/assert/assertion_error.ts": "9f689a101ee586c4ce92f52fa7ddd362e86434ffdf1f848e45987dc7689976b8",
    "https://deno.land/std@0.214.0/assert/equal.ts": "fae5e8a52a11d3ac694bbe1a53e13a7969e3f60791262312e91a3e741ae519e2",
    "https://deno.land/std@0.214.0/assert/fail.ts": "f310e51992bac8e54f5fd8e44d098638434b2edb802383690e0d7a9be1979f1c",
    "https://deno.land/std@0.214.0/assert/mod.ts": "325df8c0683ad83a873b9691aa66b812d6275fc9fec0b2d180ac68a2c5efed3b",
    "https://deno.land/std@0.214.0/assert/unimplemented.ts": "47ca67d1c6dc53abd0bd729b71a31e0825fc452dbcd4fde4ca06789d5644e7fd",
    "https://deno.land/std@0.214.0/assert/unreachable.ts": "38cfecb95d8b06906022d2f9474794fca4161a994f83354fd079cac9032b5145",
    "https://deno.land/std@0.214.0/fmt/colors.ts": "aeaee795471b56fc62a3cb2e174ed33e91551b535f44677f6320336aabb54fbb",
    "https://deno.land/std@0.214.0/path/_common/assert_path.ts": "2ca275f36ac1788b2acb60fb2b79cb06027198bc2ba6fb7e163efaedde98c297",
    "https://deno.land/std@0.214.0/path/_common/basename.ts": "569744855bc8445f3a56087fd2aed56bdad39da971a8d92b138c9913aecc5fa2",
    "https://deno.land/std@0.214.0/path/_common/common.ts": "6157c7ec1f4db2b4a9a187efd6ce76dcaf1e61cfd49f87e40d4ea102818df031",
    "https://deno.land/std@0.214.0/path/_common/constants.ts": "dc5f8057159f4b48cd304eb3027e42f1148cf4df1fb4240774d3492b5d12ac0c",
    "https://deno.land/std@0.214.0/path/_common/dirname.ts": "684df4aa71a04bbcc346c692c8485594fc8a90b9408dfbc26ff32cf3e0c98cc8",
    "https://deno.land/std@0.214.0/path/_common/format.ts": "92500e91ea5de21c97f5fe91e178bae62af524b72d5fcd246d6d60ae4bcada8b",
    "https://deno.land/std@0.214.0/path/_common/from_file_url.ts": "d672bdeebc11bf80e99bf266f886c70963107bdd31134c4e249eef51133ceccf",
    "https://deno.land/std@0.214.0/path/_common/glob_to_reg_exp.ts": "2007aa87bed6eb2c8ae8381adcc3125027543d9ec347713c1ad2c68427330770",
    "https://deno.land/std@0.214.0/path/_common/normalize.ts": "684df4aa71a04bbcc346c692c8485594fc8a90b9408dfbc26ff32cf3e0c98cc8",
    "https://deno.land/std@0.214.0/path/_common/normalize_string.ts": "dfdf657a1b1a7db7999f7c575ee7e6b0551d9c20f19486c6c3f5ff428384c965",
    "https://deno.land/std@0.214.0/path/_common/relative.ts": "faa2753d9b32320ed4ada0733261e3357c186e5705678d9dd08b97527deae607",
    "https://deno.land/std@0.214.0/path/_common/strip_trailing_separators.ts": "7024a93447efcdcfeaa9339a98fa63ef9d53de363f1fbe9858970f1bba02655a",
    "https://deno.land/std@0.214.0/path/_common/to_file_url.ts": "7f76adbc83ece1bba173e6e98a27c647712cab773d3f8cbe0398b74afc817883",
    "https://deno.land/std@0.214.0/path/_interface.ts": "a1419fcf45c0ceb8acdccc94394e3e94f99e18cfd32d509aab514c8841799600",
    "https://deno.land/std@0.214.0/path/_os.ts": "8fb9b90fb6b753bd8c77cfd8a33c2ff6c5f5bc185f50de8ca4ac6a05710b2c15",
    "https://deno.land/std@0.214.0/path/basename.ts": "5d341aadb7ada266e2280561692c165771d071c98746fcb66da928870cd47668",
    "https://deno.land/std@0.214.0/path/common.ts": "03e52e22882402c986fe97ca3b5bb4263c2aa811c515ce84584b23bac4cc2643",
    "https://deno.land/std@0.214.0/path/constants.ts": "0c206169ca104938ede9da48ac952de288f23343304a1c3cb6ec7625e7325f36",
    "https://deno.land/std@0.214.0/path/dirname.ts": "85bd955bf31d62c9aafdd7ff561c4b5fb587d11a9a5a45e2b01aedffa4238a7c",
    "https://deno.land/std@0.214.0/path/extname.ts": "593303db8ae8c865cbd9ceec6e55d4b9ac5410c1e276bfd3131916591b954441",
    "https://deno.land/std@0.214.0/path/format.ts": "98fad25f1af7b96a48efb5b67378fcc8ed77be895df8b9c733b86411632162af",
    "https://deno.land/std@0.214.0/path/from_file_url.ts": "911833ae4fd10a1c84f6271f36151ab785955849117dc48c6e43b929504ee069",
    "https://deno.land/std@0.214.0/path/glob_to_regexp.ts": "83c5fd36a8c86f5e72df9d0f45317f9546afa2ce39acaafe079d43a865aced08",
    "https://deno.land/std@0.214.0/path/is_absolute.ts": "4791afc8bfd0c87f0526eaa616b0d16e7b3ab6a65b62942e50eac68de4ef67d7",
    "https://deno.land/std@0.214.0/path/is_glob.ts": "a65f6195d3058c3050ab905705891b412ff942a292bcbaa1a807a74439a14141",
    "https://deno.land/std@0.214.0/path/join.ts": "ae2ec5ca44c7e84a235fd532e4a0116bfb1f2368b394db1c4fb75e3c0f26a33a",
    "https://deno.land/std@0.214.0/path/join_globs.ts": "e9589869a33dc3982101898ee50903db918ca00ad2614dbe3934d597d7b1fbea",
    "https://deno.land/std@0.214.0/path/mod.ts": "ffeaccb713dbe6c72e015b7c767f753f8ec5fbc3b621ff5eeee486ffc2c0ddda",
    "https://deno.land/std@0.214.0/path/normalize.ts": "4155743ccceeed319b350c1e62e931600272fad8ad00c417b91df093867a8352",
    "https://deno.land/std@0.214.0/path/normalize_glob.ts": "98ee8268fad271193603271c203ae973280b5abfbdd2cbca1053fd2af71869ca",
    "https://deno.land/std@0.214.0/path/parse.ts": "65e8e285f1a63b714e19ef24b68f56e76934c3df0b6e65fd440d3991f4f8aefb",
    "https://deno.land/std@0.214.0/path/posix/_util.ts": "1e3937da30f080bfc99fe45d7ed23c47dd8585c5e473b2d771380d3a6937cf9d",
    "https://deno.land/std@0.214.0/path/posix/basename.ts": "39ee27a29f1f35935d3603ccf01d53f3d6e0c5d4d0f84421e65bd1afeff42843",
    "https://deno.land/std@0.214.0/path/posix/common.ts": "26f60ccc8b2cac3e1613000c23ac5a7d392715d479e5be413473a37903a2b5d4",
    "https://deno.land/std@0.214.0/path/posix/constants.ts": "93481efb98cdffa4c719c22a0182b994e5a6aed3047e1962f6c2c75b7592bef1",
    "https://deno.land/std@0.214.0/path/posix/dirname.ts": "6535d2bdd566118963537b9dda8867ba9e2a361015540dc91f5afbb65c0cce8b",
    "https://deno.land/std@0.214.0/path/posix/extname.ts": "8d36ae0082063c5e1191639699e6f77d3acf501600a3d87b74943f0ae5327427",
    "https://deno.land/std@0.214.0/path/posix/format.ts": "185e9ee2091a42dd39e2a3b8e4925370ee8407572cee1ae52838aed96310c5c1",
    "https://deno.land/std@0.214.0/path/posix/from_file_url.ts": "951aee3a2c46fd0ed488899d024c6352b59154c70552e90885ed0c2ab699bc40",
    "https://deno.land/std@0.214.0/path/posix/glob_to_regexp.ts": "54d3ff40f309e3732ab6e5b19d7111d2d415248bcd35b67a99defcbc1972e697",
    "https://deno.land/std@0.214.0/path/posix/is_absolute.ts": "cebe561ad0ae294f0ce0365a1879dcfca8abd872821519b4fcc8d8967f888ede",
    "https://deno.land/std@0.214.0/path/posix/is_glob.ts": "8a8b08c08bf731acf2c1232218f1f45a11131bc01de81e5f803450a5914434b9",
    "https://deno.land/std@0.214.0/path/posix/join.ts": "aef88d5fa3650f7516730865dbb951594d1a955b785e2450dbee93b8e32694f3",
    "https://deno.land/std@0.214.0/path/posix/join_globs.ts": "ee2f4676c5b8a0dfa519da58b8ade4d1c4aa8dd3fe35619edec883ae9df1f8c9",
    "https://deno.land/std@0.214.0/path/posix/mod.ts": "563a18c2b3ddc62f3e4a324ff0f583e819b8602a72ad880cb98c9e2e34f8db5b",
    "https://deno.land/std@0.214.0/path/posix/normalize.ts": "baeb49816a8299f90a0237d214cef46f00ba3e95c0d2ceb74205a6a584b58a91",
    "https://deno.land/std@0.214.0/path/posix/normalize_glob.ts": "65f0138fa518ef9ece354f32889783fc38cdf985fb02dcf1c3b14fa47d665640",
    "https://deno.land/std@0.214.0/path/posix/parse.ts": "d5bac4eb21262ab168eead7e2196cb862940c84cee572eafedd12a0d34adc8fb",
    "https://deno.land/std@0.214.0/path/posix/relative.ts": "3907d6eda41f0ff723d336125a1ad4349112cd4d48f693859980314d5b9da31c",
    "https://deno.land/std@0.214.0/path/posix/resolve.ts": "bac20d9921beebbbb2b73706683b518b1d0c1b1da514140cee409e90d6b2913a",
    "https://deno.land/std@0.214.0/path/posix/separator.ts": "c9ecae5c843170118156ac5d12dc53e9caf6a1a4c96fc8b1a0ab02dff5c847b0",
    "https://deno.land/std@0.214.0/path/posix/to_file_url.ts": "7aa752ba66a35049e0e4a4be5a0a31ac6b645257d2e031142abb1854de250aaf",
    "https://deno.land/std@0.214.0/path/posix/to_namespaced_path.ts": "28b216b3c76f892a4dca9734ff1cc0045d135532bfd9c435ae4858bfa5a2ebf0",
    "https://deno.land/std@0.214.0/path/relative.ts": "ab739d727180ed8727e34ed71d976912461d98e2b76de3d3de834c1066667add",
    "https://deno.land/std@0.214.0/path/resolve.ts": "a6f977bdb4272e79d8d0ed4333e3d71367cc3926acf15ac271f1d059c8494d8d",
    "https://deno.land/std@0.214.0/path/separator.ts": "c6c890507f944a1f5cb7d53b8d638d6ce3cf0f34609c8d84a10c1eaa400b77a9",
    "https://deno.land/std@0.214.0/path/to_file_url.ts": "88f049b769bce411e2d2db5bd9e6fd9a185a5fbd6b9f5ad8f52bef517c4ece1b",
    "https://deno.land/std@0.214.0/path/to_namespaced_path.ts": "b706a4103b104cfadc09600a5f838c2ba94dbcdb642344557122dda444526e40",
    "https://deno.land/std@0.214.0/path/windows/_util.ts": "d5f47363e5293fced22c984550d5e70e98e266cc3f31769e1710511803d04808",
    "https://deno.land/std@0.214.0/path/windows/basename.ts": "e2dbf31d1d6385bfab1ce38c333aa290b6d7ae9e0ecb8234a654e583cf22f8fe",
    "https://deno.land/std@0.214.0/path/windows/common.ts": "26f60ccc8b2cac3e1613000c23ac5a7d392715d479e5be413473a37903a2b5d4",
    "https://deno.land/std@0.214.0/path/windows/constants.ts": "5afaac0a1f67b68b0a380a4ef391bf59feb55856aa8c60dfc01bd3b6abb813f5",
    "https://deno.land/std@0.214.0/path/windows/dirname.ts": "33e421be5a5558a1346a48e74c330b8e560be7424ed7684ea03c12c21b627bc9",
    "https://deno.land/std@0.214.0/path/windows/extname.ts": "165a61b00d781257fda1e9606a48c78b06815385e7d703232548dbfc95346bef",
    "https://deno.land/std@0.214.0/path/windows/format.ts": "bbb5ecf379305b472b1082cd2fdc010e44a0020030414974d6029be9ad52aeb6",
    "https://deno.land/std@0.214.0/path/windows/from_file_url.ts": "ced2d587b6dff18f963f269d745c4a599cf82b0c4007356bd957cb4cb52efc01",
    "https://deno.land/std@0.214.0/path/windows/glob_to_regexp.ts": "6dcd1242bd8907aa9660cbdd7c93446e6927b201112b0cba37ca5d80f81be51b",
    "https://deno.land/std@0.214.0/path/windows/is_absolute.ts": "4a8f6853f8598cf91a835f41abed42112cebab09478b072e4beb00ec81f8ca8a",
    "https://deno.land/std@0.214.0/path/windows/is_glob.ts": "8a8b08c08bf731acf2c1232218f1f45a11131bc01de81e5f803450a5914434b9",
    "https://deno.land/std@0.214.0/path/windows/join.ts": "e0b3356615c1a75c56ebb6a7311157911659e11fd533d80d724800126b761ac3",
    "https://deno.land/std@0.214.0/path/windows/join_globs.ts": "ee2f4676c5b8a0dfa519da58b8ade4d1c4aa8dd3fe35619edec883ae9df1f8c9",
    "https://deno.land/std@0.214.0/path/windows/mod.ts": "7d6062927bda47c47847ffb55d8f1a37b0383840aee5c7dfc93984005819689c",
    "https://deno.land/std@0.214.0/path/windows/normalize.ts": "78126170ab917f0ca355a9af9e65ad6bfa5be14d574c5fb09bb1920f52577780",
    "https://deno.land/std@0.214.0/path/windows/normalize_glob.ts": "179c86ba89f4d3fe283d2addbe0607341f79ee9b1ae663abcfb3439db2e97810",
    "https://deno.land/std@0.214.0/path/windows/parse.ts": "b9239edd892a06a06625c1b58425e199f018ce5649ace024d144495c984da734",
    "https://deno.land/std@0.214.0/path/windows/relative.ts": "3e1abc7977ee6cc0db2730d1f9cb38be87b0ce4806759d271a70e4997fc638d7",
    "https://deno.land/std@0.214.0/path/windows/resolve.ts": "75b2e3e1238d840782cee3d8864d82bfaa593c7af8b22f19c6422cf82f330ab3",
    "https://deno.land/std@0.214.0/path/windows/separator.ts": "e51c5522140eff4f8402617c5c68a201fdfa3a1a8b28dc23587cff931b665e43",
    "https://deno.land/std@0.214.0/path/windows/to_file_url.ts": "1cd63fd35ec8d1370feaa4752eccc4cc05ea5362a878be8dc7db733650995484",
    "https://deno.land/std@0.214.0/path/windows/to_namespaced_path.ts": "4ffa4fb6fae321448d5fe810b3ca741d84df4d7897e61ee29be961a6aac89a4c",
    "https://deno.land/std@0.215.0/assert/assert.ts": "bec068b2fccdd434c138a555b19a2c2393b71dfaada02b7d568a01541e67cdc5",
    "https://deno.land/std@0.215.0/assert/assertion_error.ts": "9f689a101ee586c4ce92f52fa7ddd362e86434ffdf1f848e45987dc7689976b8",
    "https://deno.land/std@0.215.0/bytes/concat.ts": "9cac3b4376afbef98ff03588eb3cf948e0d1eb6c27cfe81a7651ab6dd3adc54a",
    "https://deno.land/std@0.215.0/bytes/copy.ts": "f29c03168853720dfe82eaa57793d0b9e3543ebfe5306684182f0f1e3bfd422a",
    "https://deno.land/std@0.215.0/fmt/colors.ts": "aeaee795471b56fc62a3cb2e174ed33e91551b535f44677f6320336aabb54fbb",
    "https://deno.land/std@0.215.0/ini/ini_map.ts": "6614a194caa999948d34e005a0f692e5684aeab2675c3e6934fd099eefae0f63",
    "https://deno.land/std@0.215.0/ini/mod.ts": "229cd9a39943d301528ae2c89351ad9f00249048653a0a03702818720619af8e",
    "https://deno.land/std@0.215.0/ini/parse.ts": "b2b5a199399aad82633b4ae6d649acf1547bd589368773d1759e337a7c326924",
    "https://deno.land/std@0.215.0/ini/stringify.ts": "2aed041063e7521c836c77ae0912ea753a98594b92878c84377577ccc4071262",
    "https://deno.land/std@0.215.0/io/_common.ts": "36705cdb4dfcd338d6131bca1b16e48a4d5bf0d1dada6ce397268e88c17a5835",
    "https://deno.land/std@0.215.0/io/_constants.ts": "3c7ad4695832e6e4a32e35f218c70376b62bc78621ef069a4a0a3d55739f8856",
    "https://deno.land/std@0.215.0/io/buffer.ts": "4d1f805f350433e418002accec798bc6c33ce18f614afa65f987c202d7b2234e",
    "https://deno.land/std@0.215.0/io/to_readable_stream.ts": "ed03a44a1ec1cc55a85a857acf6cac472035298f6f3b6207ea209f93b4aefb39",
    "https://deno.land/std@0.215.0/io/to_writable_stream.ts": "ef422e0425963c8a1e0481674e66c3023da50f0acbe5ef51ec9789efc3c1e2ed",
    "https://deno.land/std@0.215.0/io/types.ts": "748bbb3ac96abda03594ef5a0db15ce5450dcc6c0d841c8906f8b10ac8d32c96",
    "https://deno.land/std@0.215.0/io/write_all.ts": "24aac2312bb21096ae3ae0b102b22c26164d3249dff96dbac130958aa736f038",
    "https://deno.land/std@0.215.0/streams/_common.ts": "4f9f2958d853b9a456be033631dabb7519daa68ee4d02caf53e2ecbffaf5805f",
    "https://deno.land/std@0.215.0/streams/buffer.ts": "e012de72a53ad17c56512488e9afb6f4b6ed046b32fc1415ae7a4e6fc0efce38",
    "https://deno.land/std@0.215.0/streams/byte_slice_stream.ts": "5bbdcadb118390affa9b3d0a0f73ef8e83754f59bb89df349add669dd9369713",
    "https://deno.land/std@0.215.0/streams/delimiter_stream.ts": "45271f9db844e8e501a6df75b946cd2a5e01663de0e9ccf26b92996983e0cdbe",
    "https://deno.land/std@0.215.0/streams/early_zip_readable_streams.ts": "21f5cf6dd36381c6a50c31a7727b5bd219f6382bbb7a413418595c3e466c4d14",
    "https://deno.land/std@0.215.0/streams/iterate_reader.ts": "bd79a18de211449e5140e8f705e195c3e0e79020d752a64cd0a1d4b829b14633",
    "https://deno.land/std@0.215.0/streams/limited_bytes_transform_stream.ts": "b22a45a337374e863c4eb1867ec6b8ad3e68620a6c52fe837746060ea610e6f1",
    "https://deno.land/std@0.215.0/streams/limited_transform_stream.ts": "4c47da5ca38a30fa9f33b0f1a61d4548e7f52a9a58c294b0f430f680e44cc543",
    "https://deno.land/std@0.215.0/streams/merge_readable_streams.ts": "9c541012e130d6e36086b6b8c197078a6053f5446367e33f233b71858a2c03cc",
    "https://deno.land/std@0.215.0/streams/mod.ts": "d56624832b9649b680c74ab9c77e746e8be81ae1a24756cc04623e25a0d43ce9",
    "https://deno.land/std@0.215.0/streams/readable_stream_from_reader.ts": "4289a63836f73901441c1879f2be76eea2a983920f4b10a4a9b8a6d8c29ece56",
    "https://deno.land/std@0.215.0/streams/reader_from_iterable.ts": "cf7785e518beaaba1dfb3ff4ae854bb76499bbc1f013910af6402ec7643bf769",
    "https://deno.land/std@0.215.0/streams/reader_from_stream_reader.ts": "f981cf94a42133e5c6ace8c3b500565750806c4fc9802262ee63746abc528b0d",
    "https://deno.land/std@0.215.0/streams/text_delimiter_stream.ts": "ef0d7898cea4a9fff850173ed9f3d2cf9e42ba858d8175bd89fe851c8dfa6a6e",
    "https://deno.land/std@0.215.0/streams/text_line_stream.ts": "21f33d3922e019ec1a1676474beb543929cb564ec99b69cd2654e029e0f45bd5",
    "https://deno.land/std@0.215.0/streams/to_array_buffer.ts": "1a9c07c4a396ce557ab205c44415815ab13b614fed94a12f62b80f8e650c726d",
    "https://deno.land/std@0.215.0/streams/to_blob.ts": "bf5daaae50fa8f57e0c8bfd7474ebac16ac09e130e3d01ef2947ae5153912b4a",
    "https://deno.land/std@0.215.0/streams/to_json.ts": "b6a908d0da7cd30956e5fbbfa7460747e50b8f307d1041282ed6fe9070d579ee",
    "https://deno.land/std@0.215.0/streams/to_text.ts": "6f93593bdfc2cea5cca39755ea5caf0d4092580c0a713dfe04a1e85c60df331f",
    "https://deno.land/std@0.215.0/streams/to_transform_stream.ts": "4c4836455ef89bab9ece55975ee3a819f07d3d8b0e43101ec7f4ed033c8a2b61",
    "https://deno.land/std@0.215.0/streams/writable_stream_from_writer.ts": "62f2712d3a7bebd981fca8bd5140192c37450f9c4aa94283f7ca833e46bc7485",
    "https://deno.land/std@0.215.0/streams/writer_from_stream_writer.ts": "b0e39ef607dfdc5abdfb627edf61a9672809463e2bb022afcbaf0cd006c40feb",
    "https://deno.land/std@0.215.0/streams/zip_readable_streams.ts": "53eb10d7557539b489bd858907aab6dd28247f074b3446573801de3150cb932e"
  }
}
